
Microsoft Visual Studio Solution File, Format Version 12.00
# Visual Studio Version 17
VisualStudioVersion = 17.7.34031.279
MinimumVisualStudioVersion = 10.0.40219.1
Project("{FAE04EC0-301F-11D3-BF4B-00C04F79EFBC}") = "WebAPITest", "WebAPITest\WebAPITest.csproj", "{1A087E82-3256-45AC-A806-BB6C3B534F8E}"
EndProject
Global
	GlobalSection(SolutionConfigurationPlatforms) = preSolution
		Debug|Any CPU = Debug|Any CPU
		Release|Any CPU = Release|Any CPU
	EndGlobalSection
	GlobalSection(ProjectConfigurationPlatforms) = postSolution
		{1A087E82-3256-45AC-A806-BB6C3B534F8E}.Debug|Any CPU.ActiveCfg = Debug|Any CPU
		{1A087E82-3256-45AC-A806-BB6C3B534F8E}.Debug|Any CPU.Build.0 = Debug|Any CPU
		{1A087E82-3256-45AC-A806-BB6C3B534F8E}.Release|Any CPU.ActiveCfg = Release|Any CPU
		{1A087E82-3256-45AC-A806-BB6C3B534F8E}.Release|Any CPU.Build.0 = Release|Any CPU
	EndGlobalSection
	GlobalSection(SolutionProperties) = preSolution
		HideSolutionNode = FALSE
	EndGlobalSection
	GlobalSection(ExtensibilityGlobals) = postSolution
		SolutionGuid = {5579E829-D579-4621-B118-F999ED7E31F4}
	EndGlobalSection
EndGlobal
